
Microsoft Visual Studio Solution File, Format Version 12.00
# Visual Studio Version 16
VisualStudioVersion = 16.0.28729.10
MinimumVisualStudioVersion = 10.0.40219.1
Project("{FAE04EC0-301F-11D3-BF4B-00C04F79EFBC}") = "ConsoleApp1NET40", "ConsoleApp1NET40\ConsoleApp1NET40.csproj", "{BA224689-F8FF-4483-9C61-BB501818F237}"
EndProject
Project("{9A19103F-16F7-4668-BE54-9A1E7A4F7556}") = "ConsoleApp1CORE", "ConsoleApp1CORE\ConsoleApp1CORE.csproj", "{70E625B3-8388-42F9-8F4E-A1FC912280C5}"
EndProject
Project("{9A19103F-16F7-4668-BE54-9A1E7A4F7556}") = "LibExample", "LibExample\LibExample.csproj", "{EA7EF287-127A-42DF-B5A2-CB0ED36C3F55}"
EndProject
Global
	GlobalSection(SolutionConfigurationPlatforms) = preSolution
		Debug|Any CPU = Debug|Any CPU
		Release|Any CPU = Release|Any CPU
	EndGlobalSection
	GlobalSection(ProjectConfigurationPlatforms) = postSolution
		{BA224689-F8FF-4483-9C61-BB501818F237}.Debug|Any CPU.ActiveCfg = Debug|Any CPU
		{BA224689-F8FF-4483-9C61-BB501818F237}.Debug|Any CPU.Build.0 = Debug|Any CPU
		{BA224689-F8FF-4483-9C61-BB501818F237}.Release|Any CPU.ActiveCfg = Release|Any CPU
		{BA224689-F8FF-4483-9C61-BB501818F237}.Release|Any CPU.Build.0 = Release|Any CPU
		{70E625B3-8388-42F9-8F4E-A1FC912280C5}.Debug|Any CPU.ActiveCfg = Debug|Any CPU
		{70E625B3-8388-42F9-8F4E-A1FC912280C5}.Debug|Any CPU.Build.0 = Debug|Any CPU
		{70E625B3-8388-42F9-8F4E-A1FC912280C5}.Release|Any CPU.ActiveCfg = Release|Any CPU
		{70E625B3-8388-42F9-8F4E-A1FC912280C5}.Release|Any CPU.Build.0 = Release|Any CPU
		{EA7EF287-127A-42DF-B5A2-CB0ED36C3F55}.Debug|Any CPU.ActiveCfg = Debug|Any CPU
		{EA7EF287-127A-42DF-B5A2-CB0ED36C3F55}.Debug|Any CPU.Build.0 = Debug|Any CPU
		{EA7EF287-127A-42DF-B5A2-CB0ED36C3F55}.Release|Any CPU.ActiveCfg = Release|Any CPU
		{EA7EF287-127A-42DF-B5A2-CB0ED36C3F55}.Release|Any CPU.Build.0 = Release|Any CPU
	EndGlobalSection
	GlobalSection(SolutionProperties) = preSolution
		HideSolutionNode = FALSE
	EndGlobalSection
	GlobalSection(ExtensibilityGlobals) = postSolution
		SolutionGuid = {370BD48A-5B74-49FE-B167-EFBBD14DFEF5}
	EndGlobalSection
EndGlobal
